// !$*UTF8*$!
{
	archiveVersion = 1;
	classes = {
	};
	objectVersion = 56;
	objects = {

/* Begin PBXBuildFile section */
		F155B1032AD48A6900795E77 /* AccelerationExtension.swift in Sources */ = {isa = PBXBuildFile; fileRef = F155B1022AD48A6900795E77 /* AccelerationExtension.swift */; };
		F1A92ED22AD08D0B001C2315 /* HeaditudeApp.swift in Sources */ = {isa = PBXBuildFile; fileRef = F1A92ED12AD08D0B001C2315 /* HeaditudeApp.swift */; };
		F1A92ED42AD08D0B001C2315 /* ContentView.swift in Sources */ = {isa = PBXBuildFile; fileRef = F1A92ED32AD08D0B001C2315 /* ContentView.swift */; };
		F1A92ED62AD08D0C001C2315 /* Assets.xcassets in Resources */ = {isa = PBXBuildFile; fileRef = F1A92ED52AD08D0C001C2315 /* Assets.xcassets */; };
		F1A92ED92AD08D0C001C2315 /* Preview Assets.xcassets in Resources */ = {isa = PBXBuildFile; fileRef = F1A92ED82AD08D0C001C2315 /* Preview Assets.xcassets */; };
		F1A92EE12AD08FB6001C2315 /* HeadphoneMotionDetector.swift in Sources */ = {isa = PBXBuildFile; fileRef = F1A92EE02AD08FB6001C2315 /* HeadphoneMotionDetector.swift */; };
		F1A92EE42AD094C0001C2315 /* CoreMotion.framework in Frameworks */ = {isa = PBXBuildFile; fileRef = F1A92EE32AD094C0001C2315 /* CoreMotion.framework */; };
		F1A92EE72AD0AC3A001C2315 /* OSCKit in Frameworks */ = {isa = PBXBuildFile; productRef = F1A92EE62AD0AC3A001C2315 /* OSCKit */; };
		F1A92EE92AD0AC3A001C2315 /* OSCKitCore in Frameworks */ = {isa = PBXBuildFile; productRef = F1A92EE82AD0AC3A001C2315 /* OSCKitCore */; };
		F1A92EED2AD18E39001C2315 /* RotationViewer.swift in Sources */ = {isa = PBXBuildFile; fileRef = F1A92EEC2AD18E39001C2315 /* RotationViewer.swift */; };
		F1A92EEF2AD1A5AA001C2315 /* QuaternionExtension.swift in Sources */ = {isa = PBXBuildFile; fileRef = F1A92EEE2AD1A5AA001C2315 /* QuaternionExtension.swift */; };
		F1A92EF12AD2A6C4001C2315 /* OSCSender.swift in Sources */ = {isa = PBXBuildFile; fileRef = F1A92EF02AD2A6C4001C2315 /* OSCSender.swift */; };
		F1A92EF32AD2B644001C2315 /* HeadScene.swift in Sources */ = {isa = PBXBuildFile; fileRef = F1A92EF22AD2B644001C2315 /* HeadScene.swift */; };
/* End PBXBuildFile section */

/* Begin PBXFileReference section */
		F155B1022AD48A6900795E77 /* AccelerationExtension.swift */ = {isa = PBXFileReference; lastKnownFileType = sourcecode.swift; path = AccelerationExtension.swift; sourceTree = "<group>"; };
		F1A92ECE2AD08D0B001C2315 /* Headitude.app */ = {isa = PBXFileReference; explicitFileType = wrapper.application; includeInIndex = 0; path = Headitude.app; sourceTree = BUILT_PRODUCTS_DIR; };
		F1A92ED12AD08D0B001C2315 /* HeaditudeApp.swift */ = {isa = PBXFileReference; lastKnownFileType = sourcecode.swift; path = HeaditudeApp.swift; sourceTree = "<group>"; };
		F1A92ED32AD08D0B001C2315 /* ContentView.swift */ = {isa = PBXFileReference; lastKnownFileType = sourcecode.swift; path = ContentView.swift; sourceTree = "<group>"; };
		F1A92ED52AD08D0C001C2315 /* Assets.xcassets */ = {isa = PBXFileReference; lastKnownFileType = folder.assetcatalog; path = Assets.xcassets; sourceTree = "<group>"; };
		F1A92ED82AD08D0C001C2315 /* Preview Assets.xcassets */ = {isa = PBXFileReference; lastKnownFileType = folder.assetcatalog; path = "Preview Assets.xcassets"; sourceTree = "<group>"; };
		F1A92EDA2AD08D0C001C2315 /* Headitude.entitlements */ = {isa = PBXFileReference; lastKnownFileType = text.plist.entitlements; path = Headitude.entitlements; sourceTree = "<group>"; };
		F1A92EE02AD08FB6001C2315 /* HeadphoneMotionDetector.swift */ = {isa = PBXFileReference; lastKnownFileType = sourcecode.swift; path = HeadphoneMotionDetector.swift; sourceTree = "<group>"; };
		F1A92EE32AD094C0001C2315 /* CoreMotion.framework */ = {isa = PBXFileReference; lastKnownFileType = wrapper.framework; name = CoreMotion.framework; path = System/Library/Frameworks/CoreMotion.framework; sourceTree = SDKROOT; };
		F1A92EEC2AD18E39001C2315 /* RotationViewer.swift */ = {isa = PBXFileReference; lastKnownFileType = sourcecode.swift; path = RotationViewer.swift; sourceTree = "<group>"; };
		F1A92EEE2AD1A5AA001C2315 /* QuaternionExtension.swift */ = {isa = PBXFileReference; lastKnownFileType = sourcecode.swift; path = QuaternionExtension.swift; sourceTree = "<group>"; };
		F1A92EF02AD2A6C4001C2315 /* OSCSender.swift */ = {isa = PBXFileReference; lastKnownFileType = sourcecode.swift; path = OSCSender.swift; sourceTree = "<group>"; };
		F1A92EF22AD2B644001C2315 /* HeadScene.swift */ = {isa = PBXFileReference; lastKnownFileType = sourcecode.swift; path = HeadScene.swift; sourceTree = "<group>"; };
/* End PBXFileReference section */

/* Begin PBXFrameworksBuildPhase section */
		F1A92ECB2AD08D0B001C2315 /* Frameworks */ = {
			isa = PBXFrameworksBuildPhase;
			buildActionMask = 2147483647;
			files = (
				F1A92EE42AD094C0001C2315 /* CoreMotion.framework in Frameworks */,
				F1A92EE72AD0AC3A001C2315 /* OSCKit in Frameworks */,
				F1A92EE92AD0AC3A001C2315 /* OSCKitCore in Frameworks */,
			);
			runOnlyForDeploymentPostprocessing = 0;
		};
/* End PBXFrameworksBuildPhase section */

/* Begin PBXGroup section */
		F1A92EC52AD08D0B001C2315 = {
			isa = PBXGroup;
			children = (
				F1A92ED02AD08D0B001C2315 /* Headitude */,
				F1A92ECF2AD08D0B001C2315 /* Products */,
				F1A92EE22AD094C0001C2315 /* Frameworks */,
			);
			sourceTree = "<group>";
		};
		F1A92ECF2AD08D0B001C2315 /* Products */ = {
			isa = PBXGroup;
			children = (
				F1A92ECE2AD08D0B001C2315 /* Headitude.app */,
			);
			name = Products;
			sourceTree = "<group>";
		};
		F1A92ED02AD08D0B001C2315 /* Headitude */ = {
			isa = PBXGroup;
			children = (
				F1A92ED12AD08D0B001C2315 /* HeaditudeApp.swift */,
				F1A92EF22AD2B644001C2315 /* HeadScene.swift */,
				F1A92EE02AD08FB6001C2315 /* HeadphoneMotionDetector.swift */,
				F1A92ED32AD08D0B001C2315 /* ContentView.swift */,
				F1A92EF02AD2A6C4001C2315 /* OSCSender.swift */,
				F1A92EEE2AD1A5AA001C2315 /* QuaternionExtension.swift */,
				F155B1022AD48A6900795E77 /* AccelerationExtension.swift */,
				F1A92EEC2AD18E39001C2315 /* RotationViewer.swift */,
				F1A92ED52AD08D0C001C2315 /* Assets.xcassets */,
				F1A92EDA2AD08D0C001C2315 /* Headitude.entitlements */,
				F1A92ED72AD08D0C001C2315 /* Preview Content */,
			);
			path = Headitude;
			sourceTree = "<group>";
		};
		F1A92ED72AD08D0C001C2315 /* Preview Content */ = {
			isa = PBXGroup;
			children = (
				F1A92ED82AD08D0C001C2315 /* Preview Assets.xcassets */,
			);
			path = "Preview Content";
			sourceTree = "<group>";
		};
		F1A92EE22AD094C0001C2315 /* Frameworks */ = {
			isa = PBXGroup;
			children = (
				F1A92EE32AD094C0001C2315 /* CoreMotion.framework */,
			);
			name = Frameworks;
			sourceTree = "<group>";
		};
/* End PBXGroup section */

/* Begin PBXNativeTarget section */
		F1A92ECD2AD08D0B001C2315 /* Headitude */ = {
			isa = PBXNativeTarget;
			buildConfigurationList = F1A92EDD2AD08D0C001C2315 /* Build configuration list for PBXNativeTarget "Headitude" */;
			buildPhases = (
				F1A92ECA2AD08D0B001C2315 /* Sources */,
				F1A92ECB2AD08D0B001C2315 /* Frameworks */,
				F1A92ECC2AD08D0B001C2315 /* Resources */,
			);
			buildRules = (
			);
			dependencies = (
			);
			name = Headitude;
			packageProductDependencies = (
				F1A92EE62AD0AC3A001C2315 /* OSCKit */,
				F1A92EE82AD0AC3A001C2315 /* OSCKitCore */,
			);
			productName = Headitude;
			productReference = F1A92ECE2AD08D0B001C2315 /* Headitude.app */;
			productType = "com.apple.product-type.application";
		};
/* End PBXNativeTarget section */

/* Begin PBXProject section */
		F1A92EC62AD08D0B001C2315 /* Project object */ = {
			isa = PBXProject;
			attributes = {
				BuildIndependentTargetsInParallel = 1;
				LastSwiftUpdateCheck = 1500;
				LastUpgradeCheck = 1500;
				TargetAttributes = {
					F1A92ECD2AD08D0B001C2315 = {
						CreatedOnToolsVersion = 15.0;
					};
				};
			};
			buildConfigurationList = F1A92EC92AD08D0B001C2315 /* Build configuration list for PBXProject "Headitude" */;
			compatibilityVersion = "Xcode 14.0";
			developmentRegion = en;
			hasScannedForEncodings = 0;
			knownRegions = (
				en,
				Base,
			);
			mainGroup = F1A92EC52AD08D0B001C2315;
			packageReferences = (
				F1A92EE52AD0AC3A001C2315 /* XCRemoteSwiftPackageReference "OSCKit" */,
			);
			productRefGroup = F1A92ECF2AD08D0B001C2315 /* Products */;
			projectDirPath = "";
			projectRoot = "";
			targets = (
				F1A92ECD2AD08D0B001C2315 /* Headitude */,
			);
		};
/* End PBXProject section */

/* Begin PBXResourcesBuildPhase section */
		F1A92ECC2AD08D0B001C2315 /* Resources */ = {
			isa = PBXResourcesBuildPhase;
			buildActionMask = 2147483647;
			files = (
				F1A92ED92AD08D0C001C2315 /* Preview Assets.xcassets in Resources */,
				F1A92ED62AD08D0C001C2315 /* Assets.xcassets in Resources */,
			);
			runOnlyForDeploymentPostprocessing = 0;
		};
/* End PBXResourcesBuildPhase section */

/* Begin PBXSourcesBuildPhase section */
		F1A92ECA2AD08D0B001C2315 /* Sources */ = {
			isa = PBXSourcesBuildPhase;
			buildActionMask = 2147483647;
			files = (
				F1A92EEF2AD1A5AA001C2315 /* QuaternionExtension.swift in Sources */,
				F1A92ED42AD08D0B001C2315 /* ContentView.swift in Sources */,
				F1A92EF12AD2A6C4001C2315 /* OSCSender.swift in Sources */,
				F1A92EF32AD2B644001C2315 /* HeadScene.swift in Sources */,
				F1A92EED2AD18E39001C2315 /* RotationViewer.swift in Sources */,
				F155B1032AD48A6900795E77 /* AccelerationExtension.swift in Sources */,
				F1A92ED22AD08D0B001C2315 /* HeaditudeApp.swift in Sources */,
				F1A92EE12AD08FB6001C2315 /* HeadphoneMotionDetector.swift in Sources */,
			);
			runOnlyForDeploymentPostprocessing = 0;
		};
/* End PBXSourcesBuildPhase section */

/* Begin XCBuildConfiguration section */
		F1A92EDB2AD08D0C001C2315 /* Debug */ = {
			isa = XCBuildConfiguration;
			buildSettings = {
				ALWAYS_SEARCH_USER_PATHS = NO;
				ASSETCATALOG_COMPILER_GENERATE_SWIFT_ASSET_SYMBOL_EXTENSIONS = YES;
				CLANG_ANALYZER_NONNULL = YES;
				CLANG_ANALYZER_NUMBER_OBJECT_CONVERSION = YES_AGGRESSIVE;
				CLANG_CXX_LANGUAGE_STANDARD = "gnu++20";
				CLANG_ENABLE_MODULES = YES;
				CLANG_ENABLE_OBJC_ARC = YES;
				CLANG_ENABLE_OBJC_WEAK = YES;
				CLANG_WARN_BLOCK_CAPTURE_AUTORELEASING = YES;
				CLANG_WARN_BOOL_CONVERSION = YES;
				CLANG_WARN_COMMA = YES;
				CLANG_WARN_CONSTANT_CONVERSION = YES;
				CLANG_WARN_DEPRECATED_OBJC_IMPLEMENTATIONS = YES;
				CLANG_WARN_DIRECT_OBJC_ISA_USAGE = YES_ERROR;
				CLANG_WARN_DOCUMENTATION_COMMENTS = YES;
				CLANG_WARN_EMPTY_BODY = YES;
				CLANG_WARN_ENUM_CONVERSION = YES;
				CLANG_WARN_INFINITE_RECURSION = YES;
				CLANG_WARN_INT_CONVERSION = YES;
				CLANG_WARN_NON_LITERAL_NULL_CONVERSION = YES;
				CLANG_WARN_OBJC_IMPLICIT_RETAIN_SELF = YES;
				CLANG_WARN_OBJC_LITERAL_CONVERSION = YES;
				CLANG_WARN_OBJC_ROOT_CLASS = YES_ERROR;
				CLANG_WARN_QUOTED_INCLUDE_IN_FRAMEWORK_HEADER = YES;
				CLANG_WARN_RANGE_LOOP_ANALYSIS = YES;
				CLANG_WARN_STRICT_PROTOTYPES = YES;
				CLANG_WARN_SUSPICIOUS_MOVE = YES;
				CLANG_WARN_UNGUARDED_AVAILABILITY = YES_AGGRESSIVE;
				CLANG_WARN_UNREACHABLE_CODE = YES;
				CLANG_WARN__DUPLICATE_METHOD_MATCH = YES;
				COPY_PHASE_STRIP = NO;
				DEBUG_INFORMATION_FORMAT = dwarf;
				ENABLE_STRICT_OBJC_MSGSEND = YES;
				ENABLE_TESTABILITY = YES;
				ENABLE_USER_SCRIPT_SANDBOXING = YES;
				GCC_C_LANGUAGE_STANDARD = gnu17;
				GCC_DYNAMIC_NO_PIC = NO;
				GCC_NO_COMMON_BLOCKS = YES;
				GCC_OPTIMIZATION_LEVEL = 0;
				GCC_PREPROCESSOR_DEFINITIONS = (
					"DEBUG=1",
					"$(inherited)",
				);
				GCC_WARN_64_TO_32_BIT_CONVERSION = YES;
				GCC_WARN_ABOUT_RETURN_TYPE = YES_ERROR;
				GCC_WARN_UNDECLARED_SELECTOR = YES;
				GCC_WARN_UNINITIALIZED_AUTOS = YES_AGGRESSIVE;
				GCC_WARN_UNUSED_FUNCTION = YES;
				GCC_WARN_UNUSED_VARIABLE = YES;
				LOCALIZATION_PREFERS_STRING_CATALOGS = YES;
				MACOSX_DEPLOYMENT_TARGET = 14.0;
				MTL_ENABLE_DEBUG_INFO = INCLUDE_SOURCE;
				MTL_FAST_MATH = YES;
				ONLY_ACTIVE_ARCH = YES;
				SDKROOT = macosx;
				SWIFT_ACTIVE_COMPILATION_CONDITIONS = "DEBUG $(inherited)";
				SWIFT_OPTIMIZATION_LEVEL = "-Onone";
			};
			name = Debug;
		};
		F1A92EDC2AD08D0C001C2315 /* Release */ = {
			isa = XCBuildConfiguration;
			buildSettings = {
				ALWAYS_SEARCH_USER_PATHS = NO;
				ASSETCATALOG_COMPILER_GENERATE_SWIFT_ASSET_SYMBOL_EXTENSIONS = YES;
				CLANG_ANALYZER_NONNULL = YES;
				CLANG_ANALYZER_NUMBER_OBJECT_CONVERSION = YES_AGGRESSIVE;
				CLANG_CXX_LANGUAGE_STANDARD = "gnu++20";
				CLANG_ENABLE_MODULES = YES;
				CLANG_ENABLE_OBJC_ARC = YES;
				CLANG_ENABLE_OBJC_WEAK = YES;
				CLANG_WARN_BLOCK_CAPTURE_AUTORELEASING = YES;
				CLANG_WARN_BOOL_CONVERSION = YES;
				CLANG_WARN_COMMA = YES;
				CLANG_WARN_CONSTANT_CONVERSION = YES;
				CLANG_WARN_DEPRECATED_OBJC_IMPLEMENTATIONS = YES;
				CLANG_WARN_DIRECT_OBJC_ISA_USAGE = YES_ERROR;
				CLANG_WARN_DOCUMENTATION_COMMENTS = YES;
				CLANG_WARN_EMPTY_BODY = YES;
				CLANG_WARN_ENUM_CONVERSION = YES;
				CLANG_WARN_INFINITE_RECURSION = YES;
				CLANG_WARN_INT_CONVERSION = YES;
				CLANG_WARN_NON_LITERAL_NULL_CONVERSION = YES;
				CLANG_WARN_OBJC_IMPLICIT_RETAIN_SELF = YES;
				CLANG_WARN_OBJC_LITERAL_CONVERSION = YES;
				CLANG_WARN_OBJC_ROOT_CLASS = YES_ERROR;
				CLANG_WARN_QUOTED_INCLUDE_IN_FRAMEWORK_HEADER = YES;
				CLANG_WARN_RANGE_LOOP_ANALYSIS = YES;
				CLANG_WARN_STRICT_PROTOTYPES = YES;
				CLANG_WARN_SUSPICIOUS_MOVE = YES;
				CLANG_WARN_UNGUARDED_AVAILABILITY = YES_AGGRESSIVE;
				CLANG_WARN_UNREACHABLE_CODE = YES;
				CLANG_WARN__DUPLICATE_METHOD_MATCH = YES;
				COPY_PHASE_STRIP = NO;
				DEBUG_INFORMATION_FORMAT = "dwarf-with-dsym";
				ENABLE_NS_ASSERTIONS = NO;
				ENABLE_STRICT_OBJC_MSGSEND = YES;
				ENABLE_USER_SCRIPT_SANDBOXING = YES;
				GCC_C_LANGUAGE_STANDARD = gnu17;
				GCC_NO_COMMON_BLOCKS = YES;
				GCC_WARN_64_TO_32_BIT_CONVERSION = YES;
				GCC_WARN_ABOUT_RETURN_TYPE = YES_ERROR;
				GCC_WARN_UNDECLARED_SELECTOR = YES;
				GCC_WARN_UNINITIALIZED_AUTOS = YES_AGGRESSIVE;
				GCC_WARN_UNUSED_FUNCTION = YES;
				GCC_WARN_UNUSED_VARIABLE = YES;
				LOCALIZATION_PREFERS_STRING_CATALOGS = YES;
				MACOSX_DEPLOYMENT_TARGET = 14.0;
				MTL_ENABLE_DEBUG_INFO = NO;
				MTL_FAST_MATH = YES;
				SDKROOT = macosx;
				SWIFT_COMPILATION_MODE = wholemodule;
			};
			name = Release;
		};
		F1A92EDE2AD08D0C001C2315 /* Debug */ = {
			isa = XCBuildConfiguration;
			buildSettings = {
				ASSETCATALOG_COMPILER_APPICON_NAME = AppIcon;
				ASSETCATALOG_COMPILER_GLOBAL_ACCENT_COLOR_NAME = AccentColor;
				CODE_SIGN_ENTITLEMENTS = Headitude/Headitude.entitlements;
				CODE_SIGN_IDENTITY = "Apple Development";
				CODE_SIGN_STYLE = Automatic;
				COMBINE_HIDPI_IMAGES = YES;
				CURRENT_PROJECT_VERSION = 2;
				DEVELOPMENT_ASSET_PATHS = "\"Headitude/Preview Content\"";
				DEVELOPMENT_TEAM = 53243J6BRY;
				ENABLE_HARDENED_RUNTIME = YES;
				ENABLE_PREVIEWS = YES;
				GENERATE_INFOPLIST_FILE = YES;
				INFOPLIST_KEY_NSHumanReadableCopyright = "";
				INFOPLIST_KEY_NSMotionUsageDescription = "This app would like to access your headphone motin data.";
				LD_RUNPATH_SEARCH_PATHS = (
					"$(inherited)",
					"@executable_path/../Frameworks",
				);
				MARKETING_VERSION = 1.0;
				PRODUCT_BUNDLE_IDENTIFIER = de.danielrudrich.Headitude;
				PRODUCT_NAME = "$(TARGET_NAME)";
				PROVISIONING_PROFILE_SPECIFIER = "";
				SUPPORTED_PLATFORMS = macosx;
				SUPPORTS_MACCATALYST = NO;
				SWIFT_EMIT_LOC_STRINGS = YES;
				SWIFT_VERSION = 5.0;
			};
			name = Debug;
		};
		F1A92EDF2AD08D0C001C2315 /* Release */ = {
			isa = XCBuildConfiguration;
			buildSettings = {
				ASSETCATALOG_COMPILER_APPICON_NAME = AppIcon;
				ASSETCATALOG_COMPILER_GLOBAL_ACCENT_COLOR_NAME = AccentColor;
				CODE_SIGN_ENTITLEMENTS = Headitude/Headitude.entitlements;
				CODE_SIGN_IDENTITY = "Apple Development";
				CODE_SIGN_STYLE = Automatic;
				COMBINE_HIDPI_IMAGES = YES;
				CURRENT_PROJECT_VERSION = 2;
				DEVELOPMENT_ASSET_PATHS = "\"Headitude/Preview Content\"";
				DEVELOPMENT_TEAM = 53243J6BRY;
				ENABLE_HARDENED_RUNTIME = YES;
				ENABLE_PREVIEWS = YES;
				GENERATE_INFOPLIST_FILE = YES;
				INFOPLIST_KEY_NSHumanReadableCopyright = "";
				INFOPLIST_KEY_NSMotionUsageDescription = "This app would like to access your headphone motin data.";
				LD_RUNPATH_SEARCH_PATHS = (
					"$(inherited)",
					"@executable_path/../Frameworks",
				);
				MARKETING_VERSION = 1.0;
				PRODUCT_BUNDLE_IDENTIFIER = de.danielrudrich.Headitude;
				PRODUCT_NAME = "$(TARGET_NAME)";
				PROVISIONING_PROFILE_SPECIFIER = "";
				SUPPORTED_PLATFORMS = macosx;
				SUPPORTS_MACCATALYST = NO;
				SWIFT_EMIT_LOC_STRINGS = YES;
				SWIFT_VERSION = 5.0;
			};
			name = Release;
		};
/* End XCBuildConfiguration section */

/* Begin XCConfigurationList section */
		F1A92EC92AD08D0B001C2315 /* Build configuration list for PBXProject "Headitude" */ = {
			isa = XCConfigurationList;
			buildConfigurations = (
				F1A92EDB2AD08D0C001C2315 /* Debug */,
				F1A92EDC2AD08D0C001C2315 /* Release */,
			);
			defaultConfigurationIsVisible = 0;
			defaultConfigurationName = Release;
		};
		F1A92EDD2AD08D0C001C2315 /* Build configuration list for PBXNativeTarget "Headitude" */ = {
			isa = XCConfigurationList;
			buildConfigurations = (
				F1A92EDE2AD08D0C001C2315 /* Debug */,
				F1A92EDF2AD08D0C001C2315 /* Release */,
			);
			defaultConfigurationIsVisible = 0;
			defaultConfigurationName = Release;
		};
/* End XCConfigurationList section */

/* Begin XCRemoteSwiftPackageReference section */
		F1A92EE52AD0AC3A001C2315 /* XCRemoteSwiftPackageReference "OSCKit" */ = {
			isa = XCRemoteSwiftPackageReference;
			repositoryURL = "https://github.com/orchetect/OSCKit";
			requirement = {
				kind = upToNextMajorVersion;
				minimumVersion = 0.5.0;
			};
		};
/* End XCRemoteSwiftPackageReference section */

/* Begin XCSwiftPackageProductDependency section */
		F1A92EE62AD0AC3A001C2315 /* OSCKit */ = {
			isa = XCSwiftPackageProductDependency;
			package = F1A92EE52AD0AC3A001C2315 /* XCRemoteSwiftPackageReference "OSCKit" */;
			productName = OSCKit;
		};
		F1A92EE82AD0AC3A001C2315 /* OSCKitCore */ = {
			isa = XCSwiftPackageProductDependency;
			package = F1A92EE52AD0AC3A001C2315 /* XCRemoteSwiftPackageReference "OSCKit" */;
			productName = OSCKitCore;
		};
/* End XCSwiftPackageProductDependency section */
	};
	rootObject = F1A92EC62AD08D0B001C2315 /* Project object */;
}
