{
  "pins" : [
    {
      "identity" : "cocoaasyncsocket",
      "kind" : "remoteSourceControl",
      "location" : "https://github.com/robbiehanson/CocoaAsyncSocket",
      "state" : {
        "revision" : "dbdc00669c1ced63b27c3c5f052ee4d28f10150c",
        "version" : "7.6.5"
      }
    },
    {
      "identity" : "osckit",
      "kind" : "remoteSourceControl",
      "location" : "https://github.com/orchetect/OSCKit",
      "state" : {
        "revision" : "77bdf99fd1e988e33c07242feef1efdd512700e9",
        "version" : "0.5.0"
      }
    },
    {
      "identity" : "swiftascii",
      "kind" : "remoteSourceControl",
      "location" : "https://github.com/orchetect/SwiftASCII",
      "state" : {
        "revision" : "81efd5731286be759e91096043be10384034ee57",
        "version" : "1.1.3"
      }
    }
  ],
  "version" : 2
}
